# This file is automatically @generated by Cargo.
# It is not intended for manual editing.
version = 4

[[package]]
name = "kacs-core"
version = "0.1.0"
source = "git+https://github.com/peios/pkm.git?rev=a47c63854539fed12381307b3b3a74b6500fdf5c#a47c63854539fed12381307b3b3a74b6500fdf5c"
dependencies = [
 "peios-uapi",
]

[[package]]
name = "lcs-core"
version = "0.1.0"
source = "git+https://github.com/peios/pkm.git?rev=a47c63854539fed12381307b3b3a74b6500fdf5c#a47c63854539fed12381307b3b3a74b6500fdf5c"
dependencies = [
 "kacs-core",
 "peios-uapi",
]

[[package]]
name = "libc"
version = "0.2.186"
source = "registry+https://github.com/rust-lang/crates.io-index"
checksum = "68ab91017fe16c622486840e4c83c9a37afeff978bd239b5293d61ece587de66"

[[package]]
name = "librsi"
version = "0.1.4"
dependencies = [
 "lcs-core",
 "libc",
 "peios-cabi",
 "peios-uapi",
]

[[package]]
name = "peios-cabi"
version = "0.1.0"
source = "git+https://github.com/peios/peios-cabi.git?rev=ed2540d6b32a4caa55226d89df42e55beb09ef77#ed2540d6b32a4caa55226d89df42e55beb09ef77"
dependencies = [
 "libc",
]

[[package]]
name = "peios-uapi"
version = "0.1.0"
source = "git+https://github.com/peios/pkm.git?rev=a47c63854539fed12381307b3b3a74b6500fdf5c#a47c63854539fed12381307b3b3a74b6500fdf5c"
